// !$*UTF8*$!
{
	archiveVersion = 1;
	classes = {
	};
	objectVersion = 50;
	objects = {

/* Begin PBXBuildFile section */
		8FEEC19C222019C90064E021 /* AppDelegate.swift in Sources */ = {isa = PBXBuildFile; fileRef = 8FEEC19B222019C90064E021 /* AppDelegate.swift */; };
		8FEEC19E222019C90064E021 /* ViewController.swift in Sources */ = {isa = PBXBuildFile; fileRef = 8FEEC19D222019C90064E021 /* ViewController.swift */; };
		8FEEC1A1222019C90064E021 /* Main.storyboard in Resources */ = {isa = PBXBuildFile; fileRef = 8FEEC19F222019C90064E021 /* Main.storyboard */; };
		8FEEC1A3222019CA0064E021 /* Assets.xcassets in Resources */ = {isa = PBXBuildFile; fileRef = 8FEEC1A2222019CA0064E021 /* Assets.xcassets */; };
		8FEEC1A6222019CA0064E021 /* LaunchScreen.storyboard in Resources */ = {isa = PBXBuildFile; fileRef = 8FEEC1A4222019CA0064E021 /* LaunchScreen.storyboard */; };
		9E2565142221C20D00266C94 /* CalculateUserData.swift in Sources */ = {isa = PBXBuildFile; fileRef = 9E2565132221C20D00266C94 /* CalculateUserData.swift */; };
		9E2565162221F5E300266C94 /* SearchViewController.swift in Sources */ = {isa = PBXBuildFile; fileRef = 9E2565152221F5E300266C94 /* SearchViewController.swift */; };
		9E2565182221F62700266C94 /* SearchResultCell.swift in Sources */ = {isa = PBXBuildFile; fileRef = 9E2565172221F62700266C94 /* SearchResultCell.swift */; };
		9E25651B2221FB1B00266C94 /* NothingFoundCell.xib in Resources */ = {isa = PBXBuildFile; fileRef = 9E2565192221FB1A00266C94 /* NothingFoundCell.xib */; };
		9E25651C2221FB1B00266C94 /* SearchResultCell.xib in Resources */ = {isa = PBXBuildFile; fileRef = 9E25651A2221FB1B00266C94 /* SearchResultCell.xib */; };
		9E25651E2221FB2200266C94 /* LoadingCell.xib in Resources */ = {isa = PBXBuildFile; fileRef = 9E25651D2221FB2200266C94 /* LoadingCell.xib */; };
		9E2565212221FBF300266C94 /* SearchResultModel.swift in Sources */ = {isa = PBXBuildFile; fileRef = 9E2565202221FBF300266C94 /* SearchResultModel.swift */; };
		9E25652522223E2C00266C94 /* FoodScene.sks in Resources */ = {isa = PBXBuildFile; fileRef = 9E25652422223E2C00266C94 /* FoodScene.sks */; };
		9E256527222240D000266C94 /* CameraViewController.swift in Sources */ = {isa = PBXBuildFile; fileRef = 9E256526222240D000266C94 /* CameraViewController.swift */; };
		9E256529222242CA00266C94 /* ImageInformationViewController.swift in Sources */ = {isa = PBXBuildFile; fileRef = 9E256528222242CA00266C94 /* ImageInformationViewController.swift */; };
		9E55F631222274960016F5A4 /* AddHandlerViewController.swift in Sources */ = {isa = PBXBuildFile; fileRef = 9E55F630222274960016F5A4 /* AddHandlerViewController.swift */; };
/* End PBXBuildFile section */

/* Begin PBXFileReference section */
		8FEEC198222019C90064E021 /* int20hProject.app */ = {isa = PBXFileReference; explicitFileType = wrapper.application; includeInIndex = 0; path = int20hProject.app; sourceTree = BUILT_PRODUCTS_DIR; };
		8FEEC19B222019C90064E021 /* AppDelegate.swift */ = {isa = PBXFileReference; lastKnownFileType = sourcecode.swift; path = AppDelegate.swift; sourceTree = "<group>"; };
		8FEEC19D222019C90064E021 /* ViewController.swift */ = {isa = PBXFileReference; lastKnownFileType = sourcecode.swift; path = ViewController.swift; sourceTree = "<group>"; };
		8FEEC1A0222019C90064E021 /* Base */ = {isa = PBXFileReference; lastKnownFileType = file.storyboard; name = Base; path = Base.lproj/Main.storyboard; sourceTree = "<group>"; };
		8FEEC1A2222019CA0064E021 /* Assets.xcassets */ = {isa = PBXFileReference; lastKnownFileType = folder.assetcatalog; path = Assets.xcassets; sourceTree = "<group>"; };
		8FEEC1A5222019CA0064E021 /* Base */ = {isa = PBXFileReference; lastKnownFileType = file.storyboard; name = Base; path = Base.lproj/LaunchScreen.storyboard; sourceTree = "<group>"; };
		8FEEC1A7222019CA0064E021 /* Info.plist */ = {isa = PBXFileReference; lastKnownFileType = text.plist.xml; path = Info.plist; sourceTree = "<group>"; };
		9E2565132221C20D00266C94 /* CalculateUserData.swift */ = {isa = PBXFileReference; lastKnownFileType = sourcecode.swift; path = CalculateUserData.swift; sourceTree = "<group>"; };
		9E2565152221F5E300266C94 /* SearchViewController.swift */ = {isa = PBXFileReference; lastKnownFileType = sourcecode.swift; path = SearchViewController.swift; sourceTree = "<group>"; };
		9E2565172221F62700266C94 /* SearchResultCell.swift */ = {isa = PBXFileReference; lastKnownFileType = sourcecode.swift; path = SearchResultCell.swift; sourceTree = "<group>"; };
		9E2565192221FB1A00266C94 /* NothingFoundCell.xib */ = {isa = PBXFileReference; fileEncoding = 4; lastKnownFileType = file.xib; path = NothingFoundCell.xib; sourceTree = "<group>"; };
		9E25651A2221FB1B00266C94 /* SearchResultCell.xib */ = {isa = PBXFileReference; fileEncoding = 4; lastKnownFileType = file.xib; path = SearchResultCell.xib; sourceTree = "<group>"; };
		9E25651D2221FB2200266C94 /* LoadingCell.xib */ = {isa = PBXFileReference; fileEncoding = 4; lastKnownFileType = file.xib; path = LoadingCell.xib; sourceTree = "<group>"; };
		9E2565202221FBF300266C94 /* SearchResultModel.swift */ = {isa = PBXFileReference; fileEncoding = 4; lastKnownFileType = sourcecode.swift; path = SearchResultModel.swift; sourceTree = "<group>"; };
		9E25652422223E2C00266C94 /* FoodScene.sks */ = {isa = PBXFileReference; lastKnownFileType = file.sks; path = FoodScene.sks; sourceTree = "<group>"; };
		9E256526222240D000266C94 /* CameraViewController.swift */ = {isa = PBXFileReference; lastKnownFileType = sourcecode.swift; path = CameraViewController.swift; sourceTree = "<group>"; };
		9E256528222242CA00266C94 /* ImageInformationViewController.swift */ = {isa = PBXFileReference; lastKnownFileType = sourcecode.swift; name = ImageInformationViewController.swift; path = int20hProject/ImageInformationViewController.swift; sourceTree = "<group>"; };
		9E55F630222274960016F5A4 /* AddHandlerViewController.swift */ = {isa = PBXFileReference; lastKnownFileType = sourcecode.swift; path = AddHandlerViewController.swift; sourceTree = "<group>"; };
/* End PBXFileReference section */

/* Begin PBXFrameworksBuildPhase section */
		8FEEC195222019C90064E021 /* Frameworks */ = {
			isa = PBXFrameworksBuildPhase;
			buildActionMask = 2147483647;
			files = (
			);
			runOnlyForDeploymentPostprocessing = 0;
		};
/* End PBXFrameworksBuildPhase section */

/* Begin PBXGroup section */
		8FEEC18F222019C80064E021 = {
			isa = PBXGroup;
			children = (
				9E256528222242CA00266C94 /* ImageInformationViewController.swift */,
				8FEEC19A222019C90064E021 /* int20hProject */,
				8FEEC199222019C90064E021 /* Products */,
			);
			sourceTree = "<group>";
		};
		8FEEC199222019C90064E021 /* Products */ = {
			isa = PBXGroup;
			children = (
				8FEEC198222019C90064E021 /* int20hProject.app */,
			);
			name = Products;
			sourceTree = "<group>";
		};
		8FEEC19A222019C90064E021 /* int20hProject */ = {
			isa = PBXGroup;
			children = (
				9E25651F2221FBF300266C94 /* Model */,
				8FEEC19B222019C90064E021 /* AppDelegate.swift */,
				8FEEC19D222019C90064E021 /* ViewController.swift */,
				9E2565192221FB1A00266C94 /* NothingFoundCell.xib */,
				9E25651D2221FB2200266C94 /* LoadingCell.xib */,
				9E25651A2221FB1B00266C94 /* SearchResultCell.xib */,
				9E2565132221C20D00266C94 /* CalculateUserData.swift */,
				9E2565152221F5E300266C94 /* SearchViewController.swift */,
				9E25652422223E2C00266C94 /* FoodScene.sks */,
				9E2565172221F62700266C94 /* SearchResultCell.swift */,
				9E55F630222274960016F5A4 /* AddHandlerViewController.swift */,
				8FEEC19F222019C90064E021 /* Main.storyboard */,
				8FEEC1A2222019CA0064E021 /* Assets.xcassets */,
				8FEEC1A4222019CA0064E021 /* LaunchScreen.storyboard */,
				8FEEC1A7222019CA0064E021 /* Info.plist */,
				9E256526222240D000266C94 /* CameraViewController.swift */,
			);
			path = int20hProject;
			sourceTree = "<group>";
		};
		9E25651F2221FBF300266C94 /* Model */ = {
			isa = PBXGroup;
			children = (
				9E2565202221FBF300266C94 /* SearchResultModel.swift */,
			);
			path = Model;
			sourceTree = "<group>";
		};
/* End PBXGroup section */

/* Begin PBXNativeTarget section */
		8FEEC197222019C90064E021 /* int20hProject */ = {
			isa = PBXNativeTarget;
			buildConfigurationList = 8FEEC1AA222019CA0064E021 /* Build configuration list for PBXNativeTarget "int20hProject" */;
			buildPhases = (
				8FEEC194222019C90064E021 /* Sources */,
				8FEEC195222019C90064E021 /* Frameworks */,
				8FEEC196222019C90064E021 /* Resources */,
			);
			buildRules = (
			);
			dependencies = (
			);
			name = int20hProject;
			productName = int20hProject;
			productReference = 8FEEC198222019C90064E021 /* int20hProject.app */;
			productType = "com.apple.product-type.application";
		};
/* End PBXNativeTarget section */

/* Begin PBXProject section */
		8FEEC190222019C80064E021 /* Project object */ = {
			isa = PBXProject;
			attributes = {
				LastSwiftUpdateCheck = 1010;
				LastUpgradeCheck = 1010;
				ORGANIZATIONNAME = "Nikita Skrypchenko ";
				TargetAttributes = {
					8FEEC197222019C90064E021 = {
						CreatedOnToolsVersion = 10.1;
					};
				};
			};
			buildConfigurationList = 8FEEC193222019C80064E021 /* Build configuration list for PBXProject "int20hProject" */;
			compatibilityVersion = "Xcode 9.3";
			developmentRegion = en;
			hasScannedForEncodings = 0;
			knownRegions = (
				en,
				Base,
			);
			mainGroup = 8FEEC18F222019C80064E021;
			productRefGroup = 8FEEC199222019C90064E021 /* Products */;
			projectDirPath = "";
			projectRoot = "";
			targets = (
				8FEEC197222019C90064E021 /* int20hProject */,
			);
		};
/* End PBXProject section */

/* Begin PBXResourcesBuildPhase section */
		8FEEC196222019C90064E021 /* Resources */ = {
			isa = PBXResourcesBuildPhase;
			buildActionMask = 2147483647;
			files = (
				9E25652522223E2C00266C94 /* FoodScene.sks in Resources */,
				9E25651B2221FB1B00266C94 /* NothingFoundCell.xib in Resources */,
				9E25651C2221FB1B00266C94 /* SearchResultCell.xib in Resources */,
				9E25651E2221FB2200266C94 /* LoadingCell.xib in Resources */,
				8FEEC1A6222019CA0064E021 /* LaunchScreen.storyboard in Resources */,
				8FEEC1A3222019CA0064E021 /* Assets.xcassets in Resources */,
				8FEEC1A1222019C90064E021 /* Main.storyboard in Resources */,
			);
			runOnlyForDeploymentPostprocessing = 0;
		};
/* End PBXResourcesBuildPhase section */

/* Begin PBXSourcesBuildPhase section */
		8FEEC194222019C90064E021 /* Sources */ = {
			isa = PBXSourcesBuildPhase;
			buildActionMask = 2147483647;
			files = (
				9E2565142221C20D00266C94 /* CalculateUserData.swift in Sources */,
				9E2565162221F5E300266C94 /* SearchViewController.swift in Sources */,
				9E2565212221FBF300266C94 /* SearchResultModel.swift in Sources */,
				9E55F631222274960016F5A4 /* AddHandlerViewController.swift in Sources */,
				9E2565182221F62700266C94 /* SearchResultCell.swift in Sources */,
				8FEEC19E222019C90064E021 /* ViewController.swift in Sources */,
				9E256527222240D000266C94 /* CameraViewController.swift in Sources */,
				8FEEC19C222019C90064E021 /* AppDelegate.swift in Sources */,
				9E256529222242CA00266C94 /* ImageInformationViewController.swift in Sources */,
			);
			runOnlyForDeploymentPostprocessing = 0;
		};
/* End PBXSourcesBuildPhase section */

/* Begin PBXVariantGroup section */
		8FEEC19F222019C90064E021 /* Main.storyboard */ = {
			isa = PBXVariantGroup;
			children = (
				8FEEC1A0222019C90064E021 /* Base */,
			);
			name = Main.storyboard;
			sourceTree = "<group>";
		};
		8FEEC1A4222019CA0064E021 /* LaunchScreen.storyboard */ = {
			isa = PBXVariantGroup;
			children = (
				8FEEC1A5222019CA0064E021 /* Base */,
			);
			name = LaunchScreen.storyboard;
			sourceTree = "<group>";
		};
/* End PBXVariantGroup section */

/* Begin XCBuildConfiguration section */
		8FEEC1A8222019CA0064E021 /* Debug */ = {
			isa = XCBuildConfiguration;
			buildSettings = {
				ALWAYS_SEARCH_USER_PATHS = NO;
				CLANG_ANALYZER_NONNULL = YES;
				CLANG_ANALYZER_NUMBER_OBJECT_CONVERSION = YES_AGGRESSIVE;
				CLANG_CXX_LANGUAGE_STANDARD = "gnu++14";
				CLANG_CXX_LIBRARY = "libc++";
				CLANG_ENABLE_MODULES = YES;
				CLANG_ENABLE_OBJC_ARC = YES;
				CLANG_ENABLE_OBJC_WEAK = YES;
				CLANG_WARN_BLOCK_CAPTURE_AUTORELEASING = YES;
				CLANG_WARN_BOOL_CONVERSION = YES;
				CLANG_WARN_COMMA = YES;
				CLANG_WARN_CONSTANT_CONVERSION = YES;
				CLANG_WARN_DEPRECATED_OBJC_IMPLEMENTATIONS = YES;
				CLANG_WARN_DIRECT_OBJC_ISA_USAGE = YES_ERROR;
				CLANG_WARN_DOCUMENTATION_COMMENTS = YES;
				CLANG_WARN_EMPTY_BODY = YES;
				CLANG_WARN_ENUM_CONVERSION = YES;
				CLANG_WARN_INFINITE_RECURSION = YES;
				CLANG_WARN_INT_CONVERSION = YES;
				CLANG_WARN_NON_LITERAL_NULL_CONVERSION = YES;
				CLANG_WARN_OBJC_IMPLICIT_RETAIN_SELF = YES;
				CLANG_WARN_OBJC_LITERAL_CONVERSION = YES;
				CLANG_WARN_OBJC_ROOT_CLASS = YES_ERROR;
				CLANG_WARN_RANGE_LOOP_ANALYSIS = YES;
				CLANG_WARN_STRICT_PROTOTYPES = YES;
				CLANG_WARN_SUSPICIOUS_MOVE = YES;
				CLANG_WARN_UNGUARDED_AVAILABILITY = YES_AGGRESSIVE;
				CLANG_WARN_UNREACHABLE_CODE = YES;
				CLANG_WARN__DUPLICATE_METHOD_MATCH = YES;
				CODE_SIGN_IDENTITY = "iPhone Developer";
				COPY_PHASE_STRIP = NO;
				DEBUG_INFORMATION_FORMAT = dwarf;
				ENABLE_STRICT_OBJC_MSGSEND = YES;
				ENABLE_TESTABILITY = YES;
				GCC_C_LANGUAGE_STANDARD = gnu11;
				GCC_DYNAMIC_NO_PIC = NO;
				GCC_NO_COMMON_BLOCKS = YES;
				GCC_OPTIMIZATION_LEVEL = 0;
				GCC_PREPROCESSOR_DEFINITIONS = (
					"DEBUG=1",
					"$(inherited)",
				);
				GCC_WARN_64_TO_32_BIT_CONVERSION = YES;
				GCC_WARN_ABOUT_RETURN_TYPE = YES_ERROR;
				GCC_WARN_UNDECLARED_SELECTOR = YES;
				GCC_WARN_UNINITIALIZED_AUTOS = YES_AGGRESSIVE;
				GCC_WARN_UNUSED_FUNCTION = YES;
				GCC_WARN_UNUSED_VARIABLE = YES;
				IPHONEOS_DEPLOYMENT_TARGET = 12.1;
				MTL_ENABLE_DEBUG_INFO = INCLUDE_SOURCE;
				MTL_FAST_MATH = YES;
				ONLY_ACTIVE_ARCH = YES;
				SDKROOT = iphoneos;
				SWIFT_ACTIVE_COMPILATION_CONDITIONS = DEBUG;
				SWIFT_OPTIMIZATION_LEVEL = "-Onone";
			};
			name = Debug;
		};
		8FEEC1A9222019CA0064E021 /* Release */ = {
			isa = XCBuildConfiguration;
			buildSettings = {
				ALWAYS_SEARCH_USER_PATHS = NO;
				CLANG_ANALYZER_NONNULL = YES;
				CLANG_ANALYZER_NUMBER_OBJECT_CONVERSION = YES_AGGRESSIVE;
				CLANG_CXX_LANGUAGE_STANDARD = "gnu++14";
				CLANG_CXX_LIBRARY = "libc++";
				CLANG_ENABLE_MODULES = YES;
				CLANG_ENABLE_OBJC_ARC = YES;
				CLANG_ENABLE_OBJC_WEAK = YES;
				CLANG_WARN_BLOCK_CAPTURE_AUTORELEASING = YES;
				CLANG_WARN_BOOL_CONVERSION = YES;
				CLANG_WARN_COMMA = YES;
				CLANG_WARN_CONSTANT_CONVERSION = YES;
				CLANG_WARN_DEPRECATED_OBJC_IMPLEMENTATIONS = YES;
				CLANG_WARN_DIRECT_OBJC_ISA_USAGE = YES_ERROR;
				CLANG_WARN_DOCUMENTATION_COMMENTS = YES;
				CLANG_WARN_EMPTY_BODY = YES;
				CLANG_WARN_ENUM_CONVERSION = YES;
				CLANG_WARN_INFINITE_RECURSION = YES;
				CLANG_WARN_INT_CONVERSION = YES;
				CLANG_WARN_NON_LITERAL_NULL_CONVERSION = YES;
				CLANG_WARN_OBJC_IMPLICIT_RETAIN_SELF = YES;
				CLANG_WARN_OBJC_LITERAL_CONVERSION = YES;
				CLANG_WARN_OBJC_ROOT_CLASS = YES_ERROR;
				CLANG_WARN_RANGE_LOOP_ANALYSIS = YES;
				CLANG_WARN_STRICT_PROTOTYPES = YES;
				CLANG_WARN_SUSPICIOUS_MOVE = YES;
				CLANG_WARN_UNGUARDED_AVAILABILITY = YES_AGGRESSIVE;
				CLANG_WARN_UNREACHABLE_CODE = YES;
				CLANG_WARN__DUPLICATE_METHOD_MATCH = YES;
				CODE_SIGN_IDENTITY = "iPhone Developer";
				COPY_PHASE_STRIP = NO;
				DEBUG_INFORMATION_FORMAT = "dwarf-with-dsym";
				ENABLE_NS_ASSERTIONS = NO;
				ENABLE_STRICT_OBJC_MSGSEND = YES;
				GCC_C_LANGUAGE_STANDARD = gnu11;
				GCC_NO_COMMON_BLOCKS = YES;
				GCC_WARN_64_TO_32_BIT_CONVERSION = YES;
				GCC_WARN_ABOUT_RETURN_TYPE = YES_ERROR;
				GCC_WARN_UNDECLARED_SELECTOR = YES;
				GCC_WARN_UNINITIALIZED_AUTOS = YES_AGGRESSIVE;
				GCC_WARN_UNUSED_FUNCTION = YES;
				GCC_WARN_UNUSED_VARIABLE = YES;
				IPHONEOS_DEPLOYMENT_TARGET = 12.1;
				MTL_ENABLE_DEBUG_INFO = NO;
				MTL_FAST_MATH = YES;
				SDKROOT = iphoneos;
				SWIFT_COMPILATION_MODE = wholemodule;
				SWIFT_OPTIMIZATION_LEVEL = "-O";
				VALIDATE_PRODUCT = YES;
			};
			name = Release;
		};
		8FEEC1AB222019CA0064E021 /* Debug */ = {
			isa = XCBuildConfiguration;
			buildSettings = {
				ASSETCATALOG_COMPILER_APPICON_NAME = AppIcon;
				CODE_SIGN_STYLE = Automatic;
				DEVELOPMENT_TEAM = Z8DC96LTP6;
				INFOPLIST_FILE = int20hProject/Info.plist;
				LD_RUNPATH_SEARCH_PATHS = (
					"$(inherited)",
					"@executable_path/Frameworks",
				);
				PRODUCT_BUNDLE_IDENTIFIER = nd.int20hProject;
				PRODUCT_NAME = "$(TARGET_NAME)";
				SWIFT_VERSION = 4.2;
				TARGETED_DEVICE_FAMILY = "1,2";
			};
			name = Debug;
		};
		8FEEC1AC222019CA0064E021 /* Release */ = {
			isa = XCBuildConfiguration;
			buildSettings = {
				ASSETCATALOG_COMPILER_APPICON_NAME = AppIcon;
				CODE_SIGN_STYLE = Automatic;
				DEVELOPMENT_TEAM = Z8DC96LTP6;
				INFOPLIST_FILE = int20hProject/Info.plist;
				LD_RUNPATH_SEARCH_PATHS = (
					"$(inherited)",
					"@executable_path/Frameworks",
				);
				PRODUCT_BUNDLE_IDENTIFIER = nd.int20hProject;
				PRODUCT_NAME = "$(TARGET_NAME)";
				SWIFT_VERSION = 4.2;
				TARGETED_DEVICE_FAMILY = "1,2";
			};
			name = Release;
		};
/* End XCBuildConfiguration section */

/* Begin XCConfigurationList section */
		8FEEC193222019C80064E021 /* Build configuration list for PBXProject "int20hProject" */ = {
			isa = XCConfigurationList;
			buildConfigurations = (
				8FEEC1A8222019CA0064E021 /* Debug */,
				8FEEC1A9222019CA0064E021 /* Release */,
			);
			defaultConfigurationIsVisible = 0;
			defaultConfigurationName = Release;
		};
		8FEEC1AA222019CA0064E021 /* Build configuration list for PBXNativeTarget "int20hProject" */ = {
			isa = XCConfigurationList;
			buildConfigurations = (
				8FEEC1AB222019CA0064E021 /* Debug */,
				8FEEC1AC222019CA0064E021 /* Release */,
			);
			defaultConfigurationIsVisible = 0;
			defaultConfigurationName = Release;
		};
/* End XCConfigurationList section */
	};
	rootObject = 8FEEC190222019C80064E021 /* Project object */;
}
